
Microsoft Visual Studio Solution File, Format Version 12.00
# Visual Studio 15
VisualStudioVersion = 15.0.27130.2020
MinimumVisualStudioVersion = 10.0.40219.1
Project("{FAE04EC0-301F-11D3-BF4B-00C04F79EFBC}") = "RegexLesson01", "RegexLesson01\RegexLesson01.csproj", "{1E5E1803-C87E-44FC-BF76-CAFB97AC4451}"
EndProject
Project("{FAE04EC0-301F-11D3-BF4B-00C04F79EFBC}") = "RegexLesson02", "RegexLesson02\RegexLesson02.csproj", "{16BC760C-7BC0-4A9C-95D0-62D8DEA72551}"
EndProject
Project("{FAE04EC0-301F-11D3-BF4B-00C04F79EFBC}") = "RegexLesson03", "RegexLesson03\RegexLesson03.csproj", "{E7344939-7ACA-43A3-8971-7DDFCD9E1472}"
EndProject
Project("{FAE04EC0-301F-11D3-BF4B-00C04F79EFBC}") = "UnitTestLesson01", "UnitTestLesson01\UnitTestLesson01.csproj", "{E1EC87F5-0FB2-448F-A478-0BB01B2643EA}"
EndProject
Project("{FAE04EC0-301F-11D3-BF4B-00C04F79EFBC}") = "UnitTests", "UnitTests\UnitTests.csproj", "{FE9A2CA1-37F8-49AC-8792-16211E4C634D}"
EndProject
Project("{FAE04EC0-301F-11D3-BF4B-00C04F79EFBC}") = "LinqToSqlLesson01", "LinqToSqlLesson01\LinqToSqlLesson01.csproj", "{359B7E79-ECC5-4038-A51B-8070B85DFF61}"
EndProject
Project("{FAE04EC0-301F-11D3-BF4B-00C04F79EFBC}") = "LinqToSqlLesson02", "LinqToSqlLesson02\LinqToSqlLesson02.csproj", "{431DD2B3-929D-426C-9E5D-B92C59D1F04B}"
EndProject
Project("{FAE04EC0-301F-11D3-BF4B-00C04F79EFBC}") = "XmlLesson01", "XmlLesson01\XmlLesson01.csproj", "{40400072-EA2F-4569-A168-2A692A416C41}"
EndProject
Global
	GlobalSection(SolutionConfigurationPlatforms) = preSolution
		Debug|Any CPU = Debug|Any CPU
		Release|Any CPU = Release|Any CPU
	EndGlobalSection
	GlobalSection(ProjectConfigurationPlatforms) = postSolution
		{1E5E1803-C87E-44FC-BF76-CAFB97AC4451}.Debug|Any CPU.ActiveCfg = Debug|Any CPU
		{1E5E1803-C87E-44FC-BF76-CAFB97AC4451}.Debug|Any CPU.Build.0 = Debug|Any CPU
		{1E5E1803-C87E-44FC-BF76-CAFB97AC4451}.Release|Any CPU.ActiveCfg = Release|Any CPU
		{1E5E1803-C87E-44FC-BF76-CAFB97AC4451}.Release|Any CPU.Build.0 = Release|Any CPU
		{16BC760C-7BC0-4A9C-95D0-62D8DEA72551}.Debug|Any CPU.ActiveCfg = Debug|Any CPU
		{16BC760C-7BC0-4A9C-95D0-62D8DEA72551}.Debug|Any CPU.Build.0 = Debug|Any CPU
		{16BC760C-7BC0-4A9C-95D0-62D8DEA72551}.Release|Any CPU.ActiveCfg = Release|Any CPU
		{16BC760C-7BC0-4A9C-95D0-62D8DEA72551}.Release|Any CPU.Build.0 = Release|Any CPU
		{E7344939-7ACA-43A3-8971-7DDFCD9E1472}.Debug|Any CPU.ActiveCfg = Debug|Any CPU
		{E7344939-7ACA-43A3-8971-7DDFCD9E1472}.Debug|Any CPU.Build.0 = Debug|Any CPU
		{E7344939-7ACA-43A3-8971-7DDFCD9E1472}.Release|Any CPU.ActiveCfg = Release|Any CPU
		{E7344939-7ACA-43A3-8971-7DDFCD9E1472}.Release|Any CPU.Build.0 = Release|Any CPU
		{E1EC87F5-0FB2-448F-A478-0BB01B2643EA}.Debug|Any CPU.ActiveCfg = Debug|Any CPU
		{E1EC87F5-0FB2-448F-A478-0BB01B2643EA}.Debug|Any CPU.Build.0 = Debug|Any CPU
		{E1EC87F5-0FB2-448F-A478-0BB01B2643EA}.Release|Any CPU.ActiveCfg = Release|Any CPU
		{E1EC87F5-0FB2-448F-A478-0BB01B2643EA}.Release|Any CPU.Build.0 = Release|Any CPU
		{FE9A2CA1-37F8-49AC-8792-16211E4C634D}.Debug|Any CPU.ActiveCfg = Debug|Any CPU
		{FE9A2CA1-37F8-49AC-8792-16211E4C634D}.Debug|Any CPU.Build.0 = Debug|Any CPU
		{FE9A2CA1-37F8-49AC-8792-16211E4C634D}.Release|Any CPU.ActiveCfg = Release|Any CPU
		{FE9A2CA1-37F8-49AC-8792-16211E4C634D}.Release|Any CPU.Build.0 = Release|Any CPU
		{359B7E79-ECC5-4038-A51B-8070B85DFF61}.Debug|Any CPU.ActiveCfg = Debug|Any CPU
		{359B7E79-ECC5-4038-A51B-8070B85DFF61}.Debug|Any CPU.Build.0 = Debug|Any CPU
		{359B7E79-ECC5-4038-A51B-8070B85DFF61}.Release|Any CPU.ActiveCfg = Release|Any CPU
		{359B7E79-ECC5-4038-A51B-8070B85DFF61}.Release|Any CPU.Build.0 = Release|Any CPU
		{431DD2B3-929D-426C-9E5D-B92C59D1F04B}.Debug|Any CPU.ActiveCfg = Debug|Any CPU
		{431DD2B3-929D-426C-9E5D-B92C59D1F04B}.Debug|Any CPU.Build.0 = Debug|Any CPU
		{431DD2B3-929D-426C-9E5D-B92C59D1F04B}.Release|Any CPU.ActiveCfg = Release|Any CPU
		{431DD2B3-929D-426C-9E5D-B92C59D1F04B}.Release|Any CPU.Build.0 = Release|Any CPU
		{40400072-EA2F-4569-A168-2A692A416C41}.Debug|Any CPU.ActiveCfg = Debug|Any CPU
		{40400072-EA2F-4569-A168-2A692A416C41}.Debug|Any CPU.Build.0 = Debug|Any CPU
		{40400072-EA2F-4569-A168-2A692A416C41}.Release|Any CPU.ActiveCfg = Release|Any CPU
		{40400072-EA2F-4569-A168-2A692A416C41}.Release|Any CPU.Build.0 = Release|Any CPU
	EndGlobalSection
	GlobalSection(SolutionProperties) = preSolution
		HideSolutionNode = FALSE
	EndGlobalSection
	GlobalSection(ExtensibilityGlobals) = postSolution
		SolutionGuid = {AF422BBF-92D9-452F-A562-D612E74E4CEA}
	EndGlobalSection
EndGlobal
