
Microsoft Visual Studio Solution File, Format Version 12.00
# Visual Studio Version 16
VisualStudioVersion = 16.0.28315.86
MinimumVisualStudioVersion = 10.0.40219.1
Project("{FAE04EC0-301F-11D3-BF4B-00C04F79EFBC}") = "RegexLesson01", "RegexLesson01\RegexLesson01.csproj", "{1E5E1803-C87E-44FC-BF76-CAFB97AC4451}"
EndProject
Project("{FAE04EC0-301F-11D3-BF4B-00C04F79EFBC}") = "RegexLesson02", "RegexLesson02\RegexLesson02.csproj", "{16BC760C-7BC0-4A9C-95D0-62D8DEA72551}"
EndProject
Project("{FAE04EC0-301F-11D3-BF4B-00C04F79EFBC}") = "RegexLesson03", "RegexLesson03\RegexLesson03.csproj", "{E7344939-7ACA-43A3-8971-7DDFCD9E1472}"
EndProject
Project("{FAE04EC0-301F-11D3-BF4B-00C04F79EFBC}") = "UnitTestLesson01", "UnitTestLesson01\UnitTestLesson01.csproj", "{E1EC87F5-0FB2-448F-A478-0BB01B2643EA}"
EndProject
Project("{FAE04EC0-301F-11D3-BF4B-00C04F79EFBC}") = "UnitTests", "UnitTests\UnitTests.csproj", "{FE9A2CA1-37F8-49AC-8792-16211E4C634D}"
EndProject
Project("{FAE04EC0-301F-11D3-BF4B-00C04F79EFBC}") = "LinqToSqlLesson01", "LinqToSqlLesson01\LinqToSqlLesson01.csproj", "{359B7E79-ECC5-4038-A51B-8070B85DFF61}"
EndProject
Project("{FAE04EC0-301F-11D3-BF4B-00C04F79EFBC}") = "LinqToSqlLesson02", "LinqToSqlLesson02\LinqToSqlLesson02.csproj", "{431DD2B3-929D-426C-9E5D-B92C59D1F04B}"
EndProject
Project("{FAE04EC0-301F-11D3-BF4B-00C04F79EFBC}") = "XmlLesson01", "XmlLesson01\XmlLesson01.csproj", "{40400072-EA2F-4569-A168-2A692A416C41}"
EndProject
Project("{FAE04EC0-301F-11D3-BF4B-00C04F79EFBC}") = "CS001", "CS001\CS001.csproj", "{5D70A600-67DA-4495-8AE4-B81FE3E19950}"
EndProject
Project("{FAE04EC0-301F-11D3-BF4B-00C04F79EFBC}") = "CS000", "CS000\CS000.csproj", "{46AE22E4-A855-4E82-91A8-4C39F9967CA3}"
EndProject
Project("{FAE04EC0-301F-11D3-BF4B-00C04F79EFBC}") = "CS002", "CS002\CS002.csproj", "{E34C8908-1549-463C-A4AE-87581F7E1533}"
EndProject
Project("{FAE04EC0-301F-11D3-BF4B-00C04F79EFBC}") = "CS003", "CS003\CS003.csproj", "{1859C171-9A50-4174-942F-775D77E6705F}"
EndProject
Project("{FAE04EC0-301F-11D3-BF4B-00C04F79EFBC}") = "CS004", "CS004\CS004.csproj", "{46736924-50A4-44E0-9C73-457288B93C62}"
EndProject
Project("{FAE04EC0-301F-11D3-BF4B-00C04F79EFBC}") = "CS005", "CS005\CS005.csproj", "{B5434AFB-AA20-461D-A8D4-D62CF9CB07A9}"
EndProject
Project("{FAE04EC0-301F-11D3-BF4B-00C04F79EFBC}") = "CS006", "CS006\CS006.csproj", "{B3D357CA-E1A8-491B-831B-3004FDF05EEB}"
EndProject
Project("{FAE04EC0-301F-11D3-BF4B-00C04F79EFBC}") = "CS007", "CS007\CS007.csproj", "{D9B81754-F9A5-48F3-8EAF-9D9725446FF8}"
EndProject
Project("{FAE04EC0-301F-11D3-BF4B-00C04F79EFBC}") = "CS008", "CS008\CS008.csproj", "{6905FF66-A534-4536-9F4C-647CA448128B}"
EndProject
Project("{FAE04EC0-301F-11D3-BF4B-00C04F79EFBC}") = "WPF00", "WPF00\WPF00.csproj", "{BAF2FAD8-B55C-40FA-A34E-B7DBDA99FDBC}"
EndProject
Project("{FAE04EC0-301F-11D3-BF4B-00C04F79EFBC}") = "TextViewer", "TextViewer\TextViewer.csproj", "{6A60257A-EC45-4BA9-BA19-224EE3F74B84}"
EndProject
Project("{FAE04EC0-301F-11D3-BF4B-00C04F79EFBC}") = "UIHelper", "UIHelper\UIHelper.csproj", "{1617E8B6-BFA9-4691-A5F1-4169FFEBB9B8}"
EndProject
Global
	GlobalSection(SolutionConfigurationPlatforms) = preSolution
		Debug|Any CPU = Debug|Any CPU
		Release|Any CPU = Release|Any CPU
	EndGlobalSection
	GlobalSection(ProjectConfigurationPlatforms) = postSolution
		{1E5E1803-C87E-44FC-BF76-CAFB97AC4451}.Debug|Any CPU.ActiveCfg = Debug|Any CPU
		{1E5E1803-C87E-44FC-BF76-CAFB97AC4451}.Debug|Any CPU.Build.0 = Debug|Any CPU
		{1E5E1803-C87E-44FC-BF76-CAFB97AC4451}.Release|Any CPU.ActiveCfg = Release|Any CPU
		{1E5E1803-C87E-44FC-BF76-CAFB97AC4451}.Release|Any CPU.Build.0 = Release|Any CPU
		{16BC760C-7BC0-4A9C-95D0-62D8DEA72551}.Debug|Any CPU.ActiveCfg = Debug|Any CPU
		{16BC760C-7BC0-4A9C-95D0-62D8DEA72551}.Debug|Any CPU.Build.0 = Debug|Any CPU
		{16BC760C-7BC0-4A9C-95D0-62D8DEA72551}.Release|Any CPU.ActiveCfg = Release|Any CPU
		{16BC760C-7BC0-4A9C-95D0-62D8DEA72551}.Release|Any CPU.Build.0 = Release|Any CPU
		{E7344939-7ACA-43A3-8971-7DDFCD9E1472}.Debug|Any CPU.ActiveCfg = Debug|Any CPU
		{E7344939-7ACA-43A3-8971-7DDFCD9E1472}.Debug|Any CPU.Build.0 = Debug|Any CPU
		{E7344939-7ACA-43A3-8971-7DDFCD9E1472}.Release|Any CPU.ActiveCfg = Release|Any CPU
		{E7344939-7ACA-43A3-8971-7DDFCD9E1472}.Release|Any CPU.Build.0 = Release|Any CPU
		{E1EC87F5-0FB2-448F-A478-0BB01B2643EA}.Debug|Any CPU.ActiveCfg = Debug|Any CPU
		{E1EC87F5-0FB2-448F-A478-0BB01B2643EA}.Debug|Any CPU.Build.0 = Debug|Any CPU
		{E1EC87F5-0FB2-448F-A478-0BB01B2643EA}.Release|Any CPU.ActiveCfg = Release|Any CPU
		{E1EC87F5-0FB2-448F-A478-0BB01B2643EA}.Release|Any CPU.Build.0 = Release|Any CPU
		{FE9A2CA1-37F8-49AC-8792-16211E4C634D}.Debug|Any CPU.ActiveCfg = Debug|Any CPU
		{FE9A2CA1-37F8-49AC-8792-16211E4C634D}.Debug|Any CPU.Build.0 = Debug|Any CPU
		{FE9A2CA1-37F8-49AC-8792-16211E4C634D}.Release|Any CPU.ActiveCfg = Release|Any CPU
		{FE9A2CA1-37F8-49AC-8792-16211E4C634D}.Release|Any CPU.Build.0 = Release|Any CPU
		{359B7E79-ECC5-4038-A51B-8070B85DFF61}.Debug|Any CPU.ActiveCfg = Debug|Any CPU
		{359B7E79-ECC5-4038-A51B-8070B85DFF61}.Debug|Any CPU.Build.0 = Debug|Any CPU
		{359B7E79-ECC5-4038-A51B-8070B85DFF61}.Release|Any CPU.ActiveCfg = Release|Any CPU
		{359B7E79-ECC5-4038-A51B-8070B85DFF61}.Release|Any CPU.Build.0 = Release|Any CPU
		{431DD2B3-929D-426C-9E5D-B92C59D1F04B}.Debug|Any CPU.ActiveCfg = Debug|Any CPU
		{431DD2B3-929D-426C-9E5D-B92C59D1F04B}.Debug|Any CPU.Build.0 = Debug|Any CPU
		{431DD2B3-929D-426C-9E5D-B92C59D1F04B}.Release|Any CPU.ActiveCfg = Release|Any CPU
		{431DD2B3-929D-426C-9E5D-B92C59D1F04B}.Release|Any CPU.Build.0 = Release|Any CPU
		{40400072-EA2F-4569-A168-2A692A416C41}.Debug|Any CPU.ActiveCfg = Debug|Any CPU
		{40400072-EA2F-4569-A168-2A692A416C41}.Debug|Any CPU.Build.0 = Debug|Any CPU
		{40400072-EA2F-4569-A168-2A692A416C41}.Release|Any CPU.ActiveCfg = Release|Any CPU
		{40400072-EA2F-4569-A168-2A692A416C41}.Release|Any CPU.Build.0 = Release|Any CPU
		{5D70A600-67DA-4495-8AE4-B81FE3E19950}.Debug|Any CPU.ActiveCfg = Debug|Any CPU
		{5D70A600-67DA-4495-8AE4-B81FE3E19950}.Debug|Any CPU.Build.0 = Debug|Any CPU
		{5D70A600-67DA-4495-8AE4-B81FE3E19950}.Release|Any CPU.ActiveCfg = Release|Any CPU
		{5D70A600-67DA-4495-8AE4-B81FE3E19950}.Release|Any CPU.Build.0 = Release|Any CPU
		{46AE22E4-A855-4E82-91A8-4C39F9967CA3}.Debug|Any CPU.ActiveCfg = Debug|Any CPU
		{46AE22E4-A855-4E82-91A8-4C39F9967CA3}.Debug|Any CPU.Build.0 = Debug|Any CPU
		{46AE22E4-A855-4E82-91A8-4C39F9967CA3}.Release|Any CPU.ActiveCfg = Release|Any CPU
		{46AE22E4-A855-4E82-91A8-4C39F9967CA3}.Release|Any CPU.Build.0 = Release|Any CPU
		{E34C8908-1549-463C-A4AE-87581F7E1533}.Debug|Any CPU.ActiveCfg = Debug|Any CPU
		{E34C8908-1549-463C-A4AE-87581F7E1533}.Debug|Any CPU.Build.0 = Debug|Any CPU
		{E34C8908-1549-463C-A4AE-87581F7E1533}.Release|Any CPU.ActiveCfg = Release|Any CPU
		{E34C8908-1549-463C-A4AE-87581F7E1533}.Release|Any CPU.Build.0 = Release|Any CPU
		{1859C171-9A50-4174-942F-775D77E6705F}.Debug|Any CPU.ActiveCfg = Debug|Any CPU
		{1859C171-9A50-4174-942F-775D77E6705F}.Debug|Any CPU.Build.0 = Debug|Any CPU
		{1859C171-9A50-4174-942F-775D77E6705F}.Release|Any CPU.ActiveCfg = Release|Any CPU
		{1859C171-9A50-4174-942F-775D77E6705F}.Release|Any CPU.Build.0 = Release|Any CPU
		{46736924-50A4-44E0-9C73-457288B93C62}.Debug|Any CPU.ActiveCfg = Debug|Any CPU
		{46736924-50A4-44E0-9C73-457288B93C62}.Debug|Any CPU.Build.0 = Debug|Any CPU
		{46736924-50A4-44E0-9C73-457288B93C62}.Release|Any CPU.ActiveCfg = Release|Any CPU
		{46736924-50A4-44E0-9C73-457288B93C62}.Release|Any CPU.Build.0 = Release|Any CPU
		{B5434AFB-AA20-461D-A8D4-D62CF9CB07A9}.Debug|Any CPU.ActiveCfg = Debug|Any CPU
		{B5434AFB-AA20-461D-A8D4-D62CF9CB07A9}.Debug|Any CPU.Build.0 = Debug|Any CPU
		{B5434AFB-AA20-461D-A8D4-D62CF9CB07A9}.Release|Any CPU.ActiveCfg = Release|Any CPU
		{B5434AFB-AA20-461D-A8D4-D62CF9CB07A9}.Release|Any CPU.Build.0 = Release|Any CPU
		{B3D357CA-E1A8-491B-831B-3004FDF05EEB}.Debug|Any CPU.ActiveCfg = Debug|Any CPU
		{B3D357CA-E1A8-491B-831B-3004FDF05EEB}.Debug|Any CPU.Build.0 = Debug|Any CPU
		{B3D357CA-E1A8-491B-831B-3004FDF05EEB}.Release|Any CPU.ActiveCfg = Release|Any CPU
		{B3D357CA-E1A8-491B-831B-3004FDF05EEB}.Release|Any CPU.Build.0 = Release|Any CPU
		{D9B81754-F9A5-48F3-8EAF-9D9725446FF8}.Debug|Any CPU.ActiveCfg = Debug|Any CPU
		{D9B81754-F9A5-48F3-8EAF-9D9725446FF8}.Debug|Any CPU.Build.0 = Debug|Any CPU
		{D9B81754-F9A5-48F3-8EAF-9D9725446FF8}.Release|Any CPU.ActiveCfg = Release|Any CPU
		{D9B81754-F9A5-48F3-8EAF-9D9725446FF8}.Release|Any CPU.Build.0 = Release|Any CPU
		{6905FF66-A534-4536-9F4C-647CA448128B}.Debug|Any CPU.ActiveCfg = Debug|Any CPU
		{6905FF66-A534-4536-9F4C-647CA448128B}.Debug|Any CPU.Build.0 = Debug|Any CPU
		{6905FF66-A534-4536-9F4C-647CA448128B}.Release|Any CPU.ActiveCfg = Release|Any CPU
		{6905FF66-A534-4536-9F4C-647CA448128B}.Release|Any CPU.Build.0 = Release|Any CPU
		{BAF2FAD8-B55C-40FA-A34E-B7DBDA99FDBC}.Debug|Any CPU.ActiveCfg = Debug|Any CPU
		{BAF2FAD8-B55C-40FA-A34E-B7DBDA99FDBC}.Debug|Any CPU.Build.0 = Debug|Any CPU
		{BAF2FAD8-B55C-40FA-A34E-B7DBDA99FDBC}.Release|Any CPU.ActiveCfg = Release|Any CPU
		{BAF2FAD8-B55C-40FA-A34E-B7DBDA99FDBC}.Release|Any CPU.Build.0 = Release|Any CPU
		{6A60257A-EC45-4BA9-BA19-224EE3F74B84}.Debug|Any CPU.ActiveCfg = Debug|Any CPU
		{6A60257A-EC45-4BA9-BA19-224EE3F74B84}.Debug|Any CPU.Build.0 = Debug|Any CPU
		{6A60257A-EC45-4BA9-BA19-224EE3F74B84}.Release|Any CPU.ActiveCfg = Release|Any CPU
		{6A60257A-EC45-4BA9-BA19-224EE3F74B84}.Release|Any CPU.Build.0 = Release|Any CPU
		{1617E8B6-BFA9-4691-A5F1-4169FFEBB9B8}.Debug|Any CPU.ActiveCfg = Debug|Any CPU
		{1617E8B6-BFA9-4691-A5F1-4169FFEBB9B8}.Debug|Any CPU.Build.0 = Debug|Any CPU
		{1617E8B6-BFA9-4691-A5F1-4169FFEBB9B8}.Release|Any CPU.ActiveCfg = Release|Any CPU
		{1617E8B6-BFA9-4691-A5F1-4169FFEBB9B8}.Release|Any CPU.Build.0 = Release|Any CPU
	EndGlobalSection
	GlobalSection(SolutionProperties) = preSolution
		HideSolutionNode = FALSE
	EndGlobalSection
	GlobalSection(ExtensibilityGlobals) = postSolution
		SolutionGuid = {AF422BBF-92D9-452F-A562-D612E74E4CEA}
	EndGlobalSection
EndGlobal
